
Microsoft Visual Studio Solution File, Format Version 12.00
# Visual Studio 15
VisualStudioVersion = 15.0.27004.2009
MinimumVisualStudioVersion = 10.0.40219.1
Project("{FAE04EC0-301F-11D3-BF4B-00C04F79EFBC}") = "VsExtension", "VsExtension\VsExtension.csproj", "{DC87E41D-81B3-45C7-AAB6-A02D24D48BB5}"
EndProject
Project("{FAE04EC0-301F-11D3-BF4B-00C04F79EFBC}") = "Tests", "Tests\Tests.csproj", "{8C146611-AA24-46DA-9DAB-A9C1495F1E79}"
EndProject
Project("{FAE04EC0-301F-11D3-BF4B-00C04F79EFBC}") = "JitHost.x64", "JitHost.x64\JitHost.x64.csproj", "{7E6D49BE-CF2B-4184-93F6-22B627CCF119}"
EndProject
Project("{FAE04EC0-301F-11D3-BF4B-00C04F79EFBC}") = "JitHost.x86", "JitHost.x86\JitHost.x86.csproj", "{90BE37AF-F818-4FB2-A88C-7B57DB9101EC}"
EndProject
Project("{FAE04EC0-301F-11D3-BF4B-00C04F79EFBC}") = "PerformanceTest", "PerformanceTest\PerformanceTest.csproj", "{00D9ACBE-751A-469C-A235-C41DADDBB9F5}"
EndProject
Project("{9A19103F-16F7-4668-BE54-9A1E7A4F7556}") = "JitHost.Core.x64", "JitHost.Core.x64\JitHost.Core.x64.csproj", "{ADB4101C-4780-4D9F-8D40-83159EA5A070}"
EndProject
Project("{9A19103F-16F7-4668-BE54-9A1E7A4F7556}") = "JitHost.Core.x86", "JitHost.Core.x86\JitHost.Core.x86.csproj", "{8655D035-4675-4432-8B32-FB9FBBCDC23A}"
EndProject
Project("{9A19103F-16F7-4668-BE54-9A1E7A4F7556}") = "InliningAnalyzer.JitCompiler", "InliningAnalyzer.JitCompiler\InliningAnalyzer.JitCompiler.csproj", "{9FE584E8-4DAD-4268-8246-6C55F8CAF033}"
EndProject
Project("{FAE04EC0-301F-11D3-BF4B-00C04F79EFBC}") = "InliningAnalyzer.Collector", "InliningAnalyzer.Collector\InliningAnalyzer.Collector.csproj", "{18724332-004E-475D-8DFD-69580953A1A3}"
EndProject
Global
	GlobalSection(SolutionConfigurationPlatforms) = preSolution
		Debug|Any CPU = Debug|Any CPU
		Release|Any CPU = Release|Any CPU
	EndGlobalSection
	GlobalSection(ProjectConfigurationPlatforms) = postSolution
		{DC87E41D-81B3-45C7-AAB6-A02D24D48BB5}.Debug|Any CPU.ActiveCfg = Debug|Any CPU
		{DC87E41D-81B3-45C7-AAB6-A02D24D48BB5}.Debug|Any CPU.Build.0 = Debug|Any CPU
		{DC87E41D-81B3-45C7-AAB6-A02D24D48BB5}.Release|Any CPU.ActiveCfg = Release|Any CPU
		{DC87E41D-81B3-45C7-AAB6-A02D24D48BB5}.Release|Any CPU.Build.0 = Release|Any CPU
		{8C146611-AA24-46DA-9DAB-A9C1495F1E79}.Debug|Any CPU.ActiveCfg = Debug|Any CPU
		{8C146611-AA24-46DA-9DAB-A9C1495F1E79}.Debug|Any CPU.Build.0 = Debug|Any CPU
		{8C146611-AA24-46DA-9DAB-A9C1495F1E79}.Release|Any CPU.ActiveCfg = Release|Any CPU
		{8C146611-AA24-46DA-9DAB-A9C1495F1E79}.Release|Any CPU.Build.0 = Release|Any CPU
		{7E6D49BE-CF2B-4184-93F6-22B627CCF119}.Debug|Any CPU.ActiveCfg = Debug|Any CPU
		{7E6D49BE-CF2B-4184-93F6-22B627CCF119}.Debug|Any CPU.Build.0 = Debug|Any CPU
		{7E6D49BE-CF2B-4184-93F6-22B627CCF119}.Release|Any CPU.ActiveCfg = Release|Any CPU
		{7E6D49BE-CF2B-4184-93F6-22B627CCF119}.Release|Any CPU.Build.0 = Release|Any CPU
		{90BE37AF-F818-4FB2-A88C-7B57DB9101EC}.Debug|Any CPU.ActiveCfg = Debug|Any CPU
		{90BE37AF-F818-4FB2-A88C-7B57DB9101EC}.Debug|Any CPU.Build.0 = Debug|Any CPU
		{90BE37AF-F818-4FB2-A88C-7B57DB9101EC}.Release|Any CPU.ActiveCfg = Release|Any CPU
		{90BE37AF-F818-4FB2-A88C-7B57DB9101EC}.Release|Any CPU.Build.0 = Release|Any CPU
		{00D9ACBE-751A-469C-A235-C41DADDBB9F5}.Debug|Any CPU.ActiveCfg = Debug|Any CPU
		{00D9ACBE-751A-469C-A235-C41DADDBB9F5}.Debug|Any CPU.Build.0 = Debug|Any CPU
		{00D9ACBE-751A-469C-A235-C41DADDBB9F5}.Release|Any CPU.ActiveCfg = Release|Any CPU
		{00D9ACBE-751A-469C-A235-C41DADDBB9F5}.Release|Any CPU.Build.0 = Release|Any CPU
		{ADB4101C-4780-4D9F-8D40-83159EA5A070}.Debug|Any CPU.ActiveCfg = Debug|Any CPU
		{ADB4101C-4780-4D9F-8D40-83159EA5A070}.Debug|Any CPU.Build.0 = Debug|Any CPU
		{ADB4101C-4780-4D9F-8D40-83159EA5A070}.Release|Any CPU.ActiveCfg = Release|Any CPU
		{ADB4101C-4780-4D9F-8D40-83159EA5A070}.Release|Any CPU.Build.0 = Release|Any CPU
		{8655D035-4675-4432-8B32-FB9FBBCDC23A}.Debug|Any CPU.ActiveCfg = Debug|Any CPU
		{8655D035-4675-4432-8B32-FB9FBBCDC23A}.Debug|Any CPU.Build.0 = Debug|Any CPU
		{8655D035-4675-4432-8B32-FB9FBBCDC23A}.Release|Any CPU.ActiveCfg = Release|Any CPU
		{8655D035-4675-4432-8B32-FB9FBBCDC23A}.Release|Any CPU.Build.0 = Release|Any CPU
		{9FE584E8-4DAD-4268-8246-6C55F8CAF033}.Debug|Any CPU.ActiveCfg = Debug|Any CPU
		{9FE584E8-4DAD-4268-8246-6C55F8CAF033}.Debug|Any CPU.Build.0 = Debug|Any CPU
		{9FE584E8-4DAD-4268-8246-6C55F8CAF033}.Release|Any CPU.ActiveCfg = Release|Any CPU
		{9FE584E8-4DAD-4268-8246-6C55F8CAF033}.Release|Any CPU.Build.0 = Release|Any CPU
		{18724332-004E-475D-8DFD-69580953A1A3}.Debug|Any CPU.ActiveCfg = Debug|Any CPU
		{18724332-004E-475D-8DFD-69580953A1A3}.Debug|Any CPU.Build.0 = Debug|Any CPU
		{18724332-004E-475D-8DFD-69580953A1A3}.Release|Any CPU.ActiveCfg = Release|Any CPU
		{18724332-004E-475D-8DFD-69580953A1A3}.Release|Any CPU.Build.0 = Release|Any CPU
	EndGlobalSection
	GlobalSection(SolutionProperties) = preSolution
		HideSolutionNode = FALSE
	EndGlobalSection
	GlobalSection(ExtensibilityGlobals) = postSolution
		SolutionGuid = {9AD2E377-E4CD-46FC-9771-19F16C4046BF}
	EndGlobalSection
EndGlobal
